
Microsoft Visual Studio Solution File, Format Version 12.00
# Visual Studio Version 17
VisualStudioVersion = 17.4.33205.214
MinimumVisualStudioVersion = 10.0.40219.1
Project("{FAE04EC0-301F-11D3-BF4B-00C04F79EFBC}") = "WindowsFormsApp1", "WindowsFormsApp1\WindowsFormsApp1.csproj", "{E3F4DB9D-EB60-4EC1-BF6B-88E2223CD394}"
EndProject
Global
	GlobalSection(SolutionConfigurationPlatforms) = preSolution
		Debug|Any CPU = Debug|Any CPU
		Release|Any CPU = Release|Any CPU
	EndGlobalSection
	GlobalSection(ProjectConfigurationPlatforms) = postSolution
		{E3F4DB9D-EB60-4EC1-BF6B-88E2223CD394}.Debug|Any CPU.ActiveCfg = Debug|Any CPU
		{E3F4DB9D-EB60-4EC1-BF6B-88E2223CD394}.Debug|Any CPU.Build.0 = Debug|Any CPU
		{E3F4DB9D-EB60-4EC1-BF6B-88E2223CD394}.Release|Any CPU.ActiveCfg = Release|Any CPU
		{E3F4DB9D-EB60-4EC1-BF6B-88E2223CD394}.Release|Any CPU.Build.0 = Release|Any CPU
	EndGlobalSection
	GlobalSection(SolutionProperties) = preSolution
		HideSolutionNode = FALSE
	EndGlobalSection
	GlobalSection(ExtensibilityGlobals) = postSolution
		SolutionGuid = {3099CE70-0B1D-4CA7-BA62-2CB8F211BEB3}
	EndGlobalSection
EndGlobal
